
Microsoft Visual Studio Solution File, Format Version 12.00
# Visual Studio Version 16
VisualStudioVersion = 16.0.29009.5
MinimumVisualStudioVersion = 10.0.40219.1
Project("{FAE04EC0-301F-11D3-BF4B-00C04F79EFBC}") = "DVES-DEMO", "DVES-DEMO\DVES-DEMO.csproj", "{136508DF-C5A1-45B6-9D11-6F845112DCBA}"
EndProject
Global
	GlobalSection(SolutionConfigurationPlatforms) = preSolution
		Debug|Any CPU = Debug|Any CPU
		Release|Any CPU = Release|Any CPU
	EndGlobalSection
	GlobalSection(ProjectConfigurationPlatforms) = postSolution
		{136508DF-C5A1-45B6-9D11-6F845112DCBA}.Debug|Any CPU.ActiveCfg = Debug|Any CPU
		{136508DF-C5A1-45B6-9D11-6F845112DCBA}.Debug|Any CPU.Build.0 = Debug|Any CPU
		{136508DF-C5A1-45B6-9D11-6F845112DCBA}.Release|Any CPU.ActiveCfg = Release|Any CPU
		{136508DF-C5A1-45B6-9D11-6F845112DCBA}.Release|Any CPU.Build.0 = Release|Any CPU
	EndGlobalSection
	GlobalSection(SolutionProperties) = preSolution
		HideSolutionNode = FALSE
	EndGlobalSection
	GlobalSection(ExtensibilityGlobals) = postSolution
		SolutionGuid = {D8D07FA5-FE4E-4CF1-A5C0-8DBBEB55229C}
	EndGlobalSection
EndGlobal
